github.com/StayBlue/richer-go v0.0.0-20260221002851-1d43f36e78ef h1:/yhKUgRNGLp5yBKc0XjsygpxXH4cmsBpr0nWwVI01SY=
github.com/StayBlue/richer-go v0.0.0-20260221002851-1d43f36e78ef/go.mod h1:Y7YEjog2n7YNGaZGMyrHJJZs2ua7JC4eRClgOBNeg4w=
gopkg.in/natefinch/npipe.v2 v2.0.0-20160621034901-c1b8fa8bdcce h1:+JknDZhAj8YMt7GC73Ei8pv4MzjDUNPHgQWJdtMAaDU=
gopkg.in/natefinch/npipe.v2 v2.0.0-20160621034901-c1b8fa8bdcce/go.mod h1:5AcXVHNjg+BDxry382+8OKon8SEWiKktQR07RKPsv1c=
